
Microsoft Visual Studio Solution File, Format Version 12.00
# Visual Studio Version 16
VisualStudioVersion = 16.0.31005.135
MinimumVisualStudioVersion = 10.0.40219.1
Project("{9A19103F-16F7-4668-BE54-9A1E7A4F7556}") = "Startegy", "Startegy.csproj", "{D6F85380-CD56-4391-80E4-8005B14FE980}"
EndProject
Global
	GlobalSection(SolutionConfigurationPlatforms) = preSolution
		Debug|Any CPU = Debug|Any CPU
		Release|Any CPU = Release|Any CPU
	EndGlobalSection
	GlobalSection(ProjectConfigurationPlatforms) = postSolution
		{D6F85380-CD56-4391-80E4-8005B14FE980}.Debug|Any CPU.ActiveCfg = Debug|Any CPU
		{D6F85380-CD56-4391-80E4-8005B14FE980}.Debug|Any CPU.Build.0 = Debug|Any CPU
		{D6F85380-CD56-4391-80E4-8005B14FE980}.Release|Any CPU.ActiveCfg = Release|Any CPU
		{D6F85380-CD56-4391-80E4-8005B14FE980}.Release|Any CPU.Build.0 = Release|Any CPU
	EndGlobalSection
	GlobalSection(SolutionProperties) = preSolution
		HideSolutionNode = FALSE
	EndGlobalSection
	GlobalSection(ExtensibilityGlobals) = postSolution
		SolutionGuid = {1DCB0DF4-D10F-4CCF-8F7D-56F7DEC79B41}
	EndGlobalSection
EndGlobal
