
Microsoft Visual Studio Solution File, Format Version 12.00
# Visual Studio Version 16
VisualStudioVersion = 16.0.31005.135
MinimumVisualStudioVersion = 10.0.40219.1
Project("{9A19103F-16F7-4668-BE54-9A1E7A4F7556}") = "Prototype", "Prototype.csproj", "{2D1421AC-149E-45F5-89FA-B45AC0A4317E}"
EndProject
Global
	GlobalSection(SolutionConfigurationPlatforms) = preSolution
		Debug|Any CPU = Debug|Any CPU
		Release|Any CPU = Release|Any CPU
	EndGlobalSection
	GlobalSection(ProjectConfigurationPlatforms) = postSolution
		{2D1421AC-149E-45F5-89FA-B45AC0A4317E}.Debug|Any CPU.ActiveCfg = Debug|Any CPU
		{2D1421AC-149E-45F5-89FA-B45AC0A4317E}.Debug|Any CPU.Build.0 = Debug|Any CPU
		{2D1421AC-149E-45F5-89FA-B45AC0A4317E}.Release|Any CPU.ActiveCfg = Release|Any CPU
		{2D1421AC-149E-45F5-89FA-B45AC0A4317E}.Release|Any CPU.Build.0 = Release|Any CPU
	EndGlobalSection
	GlobalSection(SolutionProperties) = preSolution
		HideSolutionNode = FALSE
	EndGlobalSection
	GlobalSection(ExtensibilityGlobals) = postSolution
		SolutionGuid = {757B563A-4027-4C85-860E-60C7B7C918A4}
	EndGlobalSection
EndGlobal
